
Microsoft Visual Studio Solution File, Format Version 12.00
# Visual Studio 14
VisualStudioVersion = 14.0.25420.1
MinimumVisualStudioVersion = 10.0.40219.1
Project("{FAE04EC0-301F-11D3-BF4B-00C04F79EFBC}") = "Practice Integer Numbers", "Practice Integer Numbers\Practice Integer Numbers.csproj", "{B54A3108-DB58-4103-97CD-51A818D0AD01}"
EndProject
Project("{FAE04EC0-301F-11D3-BF4B-00C04F79EFBC}") = "Practice Floating Points", "Practice Floating Points\Practice Floating Points.csproj", "{ECD10EE1-F0D6-4E8C-926B-53E3C3E103CE}"
EndProject
Project("{FAE04EC0-301F-11D3-BF4B-00C04F79EFBC}") = "Practice Chars And Strings2", "Practice Chars And Strings2\Practice Chars And Strings2.csproj", "{BB15BC27-BE02-4C24-95C0-410767AFB41D}"
EndProject
Project("{FAE04EC0-301F-11D3-BF4B-00C04F79EFBC}") = "Variable in Hex Format", "Variable in Hex Format\Variable in Hex Format.csproj", "{CB77DDED-F649-45F3-9B5A-6245F687A03F}"
EndProject
Project("{FAE04EC0-301F-11D3-BF4B-00C04F79EFBC}") = "Boolean Variable", "Boolean Variable\Boolean Variable.csproj", "{F8E65F9B-C581-4DDA-BA20-9B7E4519EB6A}"
EndProject
Project("{FAE04EC0-301F-11D3-BF4B-00C04F79EFBC}") = "Strings and Objects", "Strings and Objects\Strings and Objects.csproj", "{CB7227A5-5104-415A-8373-927367D28E29}"
EndProject
Project("{FAE04EC0-301F-11D3-BF4B-00C04F79EFBC}") = "Exchange Variable Values", "Exchange Variable Values\Exchange Variable Values.csproj", "{B4624C1A-6326-4422-99A6-78E9A5582CC2}"
EndProject
Project("{FAE04EC0-301F-11D3-BF4B-00C04F79EFBC}") = "Employee Data", "Employee Data\Employee Data.csproj", "{16C3E2CB-9BB0-476A-91C4-ADF90E7BAB99}"
EndProject
Project("{FAE04EC0-301F-11D3-BF4B-00C04F79EFBC}") = "Reversed chars", "Reversed chars\Reversed chars.csproj", "{810280D1-277E-467D-804F-E403896ECCEA}"
EndProject
Project("{FAE04EC0-301F-11D3-BF4B-00C04F79EFBC}") = "Centuries to Nanoseconds", "Centuries to Nanoseconds\Centuries to Nanoseconds.csproj", "{B67B7DBF-DCD8-42F7-8105-112A60E7942B}"
EndProject
Project("{FAE04EC0-301F-11D3-BF4B-00C04F79EFBC}") = "ConvertSpeedUnits", "ConvertSpeedUnits\ConvertSpeedUnits.csproj", "{D6096C26-D614-42BE-8CE7-04A61F119F47}"
EndProject
Project("{FAE04EC0-301F-11D3-BF4B-00C04F79EFBC}") = "Rectangle Properties", "Rectangle Properties\Rectangle Properties.csproj", "{B2F4B770-8EA8-4A28-88E5-2A8841F79ED2}"
EndProject
Project("{FAE04EC0-301F-11D3-BF4B-00C04F79EFBC}") = "Vowel or Digit", "Vowel or Digit\Vowel or Digit.csproj", "{3C919611-8F49-421B-B561-82AAA3B277D5}"
EndProject
Project("{FAE04EC0-301F-11D3-BF4B-00C04F79EFBC}") = "Integer to Hex and Binary", "Integer to Hex and Binary\Integer to Hex and Binary.csproj", "{B3703150-2FA8-488D-947A-B153179BA485}"
EndProject
Project("{FAE04EC0-301F-11D3-BF4B-00C04F79EFBC}") = "Fast Prime Checker", "Fast Prime Checker\Fast Prime Checker.csproj", "{A8A66945-B863-4D58-BF63-ED8B139593B1}"
EndProject
Project("{FAE04EC0-301F-11D3-BF4B-00C04F79EFBC}") = "Print Part of the ASCII Table", "Print Part of the ASCII Table\Print Part of the ASCII Table.csproj", "{F87F2E0C-FB71-43D9-96F3-1D7F91DA196F}"
EndProject
Project("{FAE04EC0-301F-11D3-BF4B-00C04F79EFBC}") = "17. Print Part Of ASCII Table", "17. Print Part Of ASCII Table\17. Print Part Of ASCII Table.csproj", "{79229817-A289-46D5-84E8-EB6D4C89FCAC}"
EndProject
Global
	GlobalSection(SolutionConfigurationPlatforms) = preSolution
		Debug|Any CPU = Debug|Any CPU
		Release|Any CPU = Release|Any CPU
	EndGlobalSection
	GlobalSection(ProjectConfigurationPlatforms) = postSolution
		{B54A3108-DB58-4103-97CD-51A818D0AD01}.Debug|Any CPU.ActiveCfg = Debug|Any CPU
		{B54A3108-DB58-4103-97CD-51A818D0AD01}.Debug|Any CPU.Build.0 = Debug|Any CPU
		{B54A3108-DB58-4103-97CD-51A818D0AD01}.Release|Any CPU.ActiveCfg = Release|Any CPU
		{B54A3108-DB58-4103-97CD-51A818D0AD01}.Release|Any CPU.Build.0 = Release|Any CPU
		{ECD10EE1-F0D6-4E8C-926B-53E3C3E103CE}.Debug|Any CPU.ActiveCfg = Debug|Any CPU
		{ECD10EE1-F0D6-4E8C-926B-53E3C3E103CE}.Debug|Any CPU.Build.0 = Debug|Any CPU
		{ECD10EE1-F0D6-4E8C-926B-53E3C3E103CE}.Release|Any CPU.ActiveCfg = Release|Any CPU
		{ECD10EE1-F0D6-4E8C-926B-53E3C3E103CE}.Release|Any CPU.Build.0 = Release|Any CPU
		{BB15BC27-BE02-4C24-95C0-410767AFB41D}.Debug|Any CPU.ActiveCfg = Debug|Any CPU
		{BB15BC27-BE02-4C24-95C0-410767AFB41D}.Debug|Any CPU.Build.0 = Debug|Any CPU
		{BB15BC27-BE02-4C24-95C0-410767AFB41D}.Release|Any CPU.ActiveCfg = Release|Any CPU
		{BB15BC27-BE02-4C24-95C0-410767AFB41D}.Release|Any CPU.Build.0 = Release|Any CPU
		{CB77DDED-F649-45F3-9B5A-6245F687A03F}.Debug|Any CPU.ActiveCfg = Debug|Any CPU
		{CB77DDED-F649-45F3-9B5A-6245F687A03F}.Debug|Any CPU.Build.0 = Debug|Any CPU
		{CB77DDED-F649-45F3-9B5A-6245F687A03F}.Release|Any CPU.ActiveCfg = Release|Any CPU
		{CB77DDED-F649-45F3-9B5A-6245F687A03F}.Release|Any CPU.Build.0 = Release|Any CPU
		{F8E65F9B-C581-4DDA-BA20-9B7E4519EB6A}.Debug|Any CPU.ActiveCfg = Debug|Any CPU
		{F8E65F9B-C581-4DDA-BA20-9B7E4519EB6A}.Debug|Any CPU.Build.0 = Debug|Any CPU
		{F8E65F9B-C581-4DDA-BA20-9B7E4519EB6A}.Release|Any CPU.ActiveCfg = Release|Any CPU
		{F8E65F9B-C581-4DDA-BA20-9B7E4519EB6A}.Release|Any CPU.Build.0 = Release|Any CPU
		{CB7227A5-5104-415A-8373-927367D28E29}.Debug|Any CPU.ActiveCfg = Debug|Any CPU
		{CB7227A5-5104-415A-8373-927367D28E29}.Debug|Any CPU.Build.0 = Debug|Any CPU
		{CB7227A5-5104-415A-8373-927367D28E29}.Release|Any CPU.ActiveCfg = Release|Any CPU
		{CB7227A5-5104-415A-8373-927367D28E29}.Release|Any CPU.Build.0 = Release|Any CPU
		{B4624C1A-6326-4422-99A6-78E9A5582CC2}.Debug|Any CPU.ActiveCfg = Debug|Any CPU
		{B4624C1A-6326-4422-99A6-78E9A5582CC2}.Debug|Any CPU.Build.0 = Debug|Any CPU
		{B4624C1A-6326-4422-99A6-78E9A5582CC2}.Release|Any CPU.ActiveCfg = Release|Any CPU
		{B4624C1A-6326-4422-99A6-78E9A5582CC2}.Release|Any CPU.Build.0 = Release|Any CPU
		{16C3E2CB-9BB0-476A-91C4-ADF90E7BAB99}.Debug|Any CPU.ActiveCfg = Debug|Any CPU
		{16C3E2CB-9BB0-476A-91C4-ADF90E7BAB99}.Debug|Any CPU.Build.0 = Debug|Any CPU
		{16C3E2CB-9BB0-476A-91C4-ADF90E7BAB99}.Release|Any CPU.ActiveCfg = Release|Any CPU
		{16C3E2CB-9BB0-476A-91C4-ADF90E7BAB99}.Release|Any CPU.Build.0 = Release|Any CPU
		{810280D1-277E-467D-804F-E403896ECCEA}.Debug|Any CPU.ActiveCfg = Debug|Any CPU
		{810280D1-277E-467D-804F-E403896ECCEA}.Debug|Any CPU.Build.0 = Debug|Any CPU
		{810280D1-277E-467D-804F-E403896ECCEA}.Release|Any CPU.ActiveCfg = Release|Any CPU
		{810280D1-277E-467D-804F-E403896ECCEA}.Release|Any CPU.Build.0 = Release|Any CPU
		{B67B7DBF-DCD8-42F7-8105-112A60E7942B}.Debug|Any CPU.ActiveCfg = Debug|Any CPU
		{B67B7DBF-DCD8-42F7-8105-112A60E7942B}.Debug|Any CPU.Build.0 = Debug|Any CPU
		{B67B7DBF-DCD8-42F7-8105-112A60E7942B}.Release|Any CPU.ActiveCfg = Release|Any CPU
		{B67B7DBF-DCD8-42F7-8105-112A60E7942B}.Release|Any CPU.Build.0 = Release|Any CPU
		{D6096C26-D614-42BE-8CE7-04A61F119F47}.Debug|Any CPU.ActiveCfg = Debug|Any CPU
		{D6096C26-D614-42BE-8CE7-04A61F119F47}.Debug|Any CPU.Build.0 = Debug|Any CPU
		{D6096C26-D614-42BE-8CE7-04A61F119F47}.Release|Any CPU.ActiveCfg = Release|Any CPU
		{D6096C26-D614-42BE-8CE7-04A61F119F47}.Release|Any CPU.Build.0 = Release|Any CPU
		{B2F4B770-8EA8-4A28-88E5-2A8841F79ED2}.Debug|Any CPU.ActiveCfg = Debug|Any CPU
		{B2F4B770-8EA8-4A28-88E5-2A8841F79ED2}.Debug|Any CPU.Build.0 = Debug|Any CPU
		{B2F4B770-8EA8-4A28-88E5-2A8841F79ED2}.Release|Any CPU.ActiveCfg = Release|Any CPU
		{B2F4B770-8EA8-4A28-88E5-2A8841F79ED2}.Release|Any CPU.Build.0 = Release|Any CPU
		{3C919611-8F49-421B-B561-82AAA3B277D5}.Debug|Any CPU.ActiveCfg = Debug|Any CPU
		{3C919611-8F49-421B-B561-82AAA3B277D5}.Debug|Any CPU.Build.0 = Debug|Any CPU
		{3C919611-8F49-421B-B561-82AAA3B277D5}.Release|Any CPU.ActiveCfg = Release|Any CPU
		{3C919611-8F49-421B-B561-82AAA3B277D5}.Release|Any CPU.Build.0 = Release|Any CPU
		{B3703150-2FA8-488D-947A-B153179BA485}.Debug|Any CPU.ActiveCfg = Debug|Any CPU
		{B3703150-2FA8-488D-947A-B153179BA485}.Debug|Any CPU.Build.0 = Debug|Any CPU
		{B3703150-2FA8-488D-947A-B153179BA485}.Release|Any CPU.ActiveCfg = Release|Any CPU
		{B3703150-2FA8-488D-947A-B153179BA485}.Release|Any CPU.Build.0 = Release|Any CPU
		{A8A66945-B863-4D58-BF63-ED8B139593B1}.Debug|Any CPU.ActiveCfg = Debug|Any CPU
		{A8A66945-B863-4D58-BF63-ED8B139593B1}.Debug|Any CPU.Build.0 = Debug|Any CPU
		{A8A66945-B863-4D58-BF63-ED8B139593B1}.Release|Any CPU.ActiveCfg = Release|Any CPU
		{A8A66945-B863-4D58-BF63-ED8B139593B1}.Release|Any CPU.Build.0 = Release|Any CPU
		{F87F2E0C-FB71-43D9-96F3-1D7F91DA196F}.Debug|Any CPU.ActiveCfg = Debug|Any CPU
		{F87F2E0C-FB71-43D9-96F3-1D7F91DA196F}.Debug|Any CPU.Build.0 = Debug|Any CPU
		{F87F2E0C-FB71-43D9-96F3-1D7F91DA196F}.Release|Any CPU.ActiveCfg = Release|Any CPU
		{F87F2E0C-FB71-43D9-96F3-1D7F91DA196F}.Release|Any CPU.Build.0 = Release|Any CPU
		{79229817-A289-46D5-84E8-EB6D4C89FCAC}.Debug|Any CPU.ActiveCfg = Debug|Any CPU
		{79229817-A289-46D5-84E8-EB6D4C89FCAC}.Debug|Any CPU.Build.0 = Debug|Any CPU
		{79229817-A289-46D5-84E8-EB6D4C89FCAC}.Release|Any CPU.ActiveCfg = Release|Any CPU
		{79229817-A289-46D5-84E8-EB6D4C89FCAC}.Release|Any CPU.Build.0 = Release|Any CPU
	EndGlobalSection
	GlobalSection(SolutionProperties) = preSolution
		HideSolutionNode = FALSE
	EndGlobalSection
EndGlobal
